<Solution>
  <Folder Name="/src/">
    <Project Path="src/MiniPrinter.Cli/MiniPrinter.Cli.csproj" />
    <Project Path="src/MiniPrinter.Escpos/MiniPrinter.Escpos.csproj" />
    <Project Path="src/MiniPrinter.Control/MiniPrinter.Control.csproj" />
    <Project Path="src/MiniPrinter.Imaging/MiniPrinter.Imaging.csproj" />
    <Project Path="src/MiniPrinter.Ipp/MiniPrinter.Ipp.csproj" />
    <Project Path="src/MiniPrinter.Protocol/MiniPrinter.Protocol.csproj" />
    <Project Path="src/MiniPrinter.Service/MiniPrinter.Service.csproj" />
    <Project Path="src/MiniPrinter.Transport/MiniPrinter.Transport.csproj" />
    <Project Path="src/MiniPrinter.Tray/MiniPrinter.Tray.csproj" />
    <Project Path="src/MiniPrinter.Updates/MiniPrinter.Updates.csproj" />
  </Folder>
  <Folder Name="/tests/">
    <Project Path="tests/MiniPrinter.Escpos.Tests/MiniPrinter.Escpos.Tests.csproj" />
    <Project Path="tests/MiniPrinter.Imaging.Tests/MiniPrinter.Imaging.Tests.csproj" />
    <Project Path="tests/MiniPrinter.Ipp.Tests/MiniPrinter.Ipp.Tests.csproj" />
    <Project Path="tests/MiniPrinter.Protocol.Tests/MiniPrinter.Protocol.Tests.csproj" />
    <Project Path="tests/MiniPrinter.Service.Tests/MiniPrinter.Service.Tests.csproj" />
    <Project Path="tests/MiniPrinter.Transport.Tests/MiniPrinter.Transport.Tests.csproj" />
    <Project Path="tests/MiniPrinter.Updates.Tests/MiniPrinter.Updates.Tests.csproj" />
  </Folder>
</Solution>
